
Microsoft Visual Studio Solution File, Format Version 12.00
# Visual Studio Version 16
VisualStudioVersion = 16.0.30204.135
MinimumVisualStudioVersion = 10.0.40219.1
Project("{FAE04EC0-301F-11D3-BF4B-00C04F79EFBC}") = "AutoProject", "AutoProject.csproj", "{A867B9C1-F55E-4328-832F-C4228D39AEB8}"
EndProject
Global
	GlobalSection(SolutionConfigurationPlatforms) = preSolution
		Debug|Any CPU = Debug|Any CPU
		Release|Any CPU = Release|Any CPU
	EndGlobalSection
	GlobalSection(ProjectConfigurationPlatforms) = postSolution
		{A867B9C1-F55E-4328-832F-C4228D39AEB8}.Debug|Any CPU.ActiveCfg = Debug|Any CPU
		{A867B9C1-F55E-4328-832F-C4228D39AEB8}.Debug|Any CPU.Build.0 = Debug|Any CPU
		{A867B9C1-F55E-4328-832F-C4228D39AEB8}.Release|Any CPU.ActiveCfg = Release|Any CPU
		{A867B9C1-F55E-4328-832F-C4228D39AEB8}.Release|Any CPU.Build.0 = Release|Any CPU
	EndGlobalSection
	GlobalSection(SolutionProperties) = preSolution
		HideSolutionNode = FALSE
	EndGlobalSection
	GlobalSection(ExtensibilityGlobals) = postSolution
		SolutionGuid = {15068DE3-F326-40D2-A5AC-C63D0D8BDF31}
	EndGlobalSection
EndGlobal
